
Microsoft Visual Studio Solution File, Format Version 12.00
# Visual Studio Version 16
VisualStudioVersion = 16.0.31829.152
MinimumVisualStudioVersion = 10.0.40219.1
Project("{FAE04EC0-301F-11D3-BF4B-00C04F79EFBC}") = "Motorola", "Motorola\Motorola.csproj", "{006FAA70-3746-4C47-B818-668FF7E3FD0A}"
EndProject
Global
	GlobalSection(SolutionConfigurationPlatforms) = preSolution
		Debug|Any CPU = Debug|Any CPU
		Release|Any CPU = Release|Any CPU
	EndGlobalSection
	GlobalSection(ProjectConfigurationPlatforms) = postSolution
		{006FAA70-3746-4C47-B818-668FF7E3FD0A}.Debug|Any CPU.ActiveCfg = Debug|Any CPU
		{006FAA70-3746-4C47-B818-668FF7E3FD0A}.Debug|Any CPU.Build.0 = Debug|Any CPU
		{006FAA70-3746-4C47-B818-668FF7E3FD0A}.Release|Any CPU.ActiveCfg = Release|Any CPU
		{006FAA70-3746-4C47-B818-668FF7E3FD0A}.Release|Any CPU.Build.0 = Release|Any CPU
	EndGlobalSection
	GlobalSection(SolutionProperties) = preSolution
		HideSolutionNode = FALSE
	EndGlobalSection
	GlobalSection(ExtensibilityGlobals) = postSolution
		SolutionGuid = {A3C115F1-2814-464A-9900-4FFF4C66AC51}
	EndGlobalSection
EndGlobal
